<?xml version="1.0" encoding="utf-8"?>
<Project ToolsVersion="4.0" xmlns="http://schemas.microsoft.com/developer/msbuild/2003">
  <ItemGroup>
    <Filter Include="Source Files">
      <UniqueIdentifier>{4FC737F1-C7A5-4376-A066-2A32D752A2FF}</UniqueIdentifier>
      <Extensions>cpp;c;cc;cxx;def;odl;idl;hpj;bat;asm;asmx</Extensions>
    </Filter>
    <Filter Include="Header Files">
      <UniqueIdentifier>{93995380-89BD-4b04-88EB-625FBE52EBFB}</UniqueIdentifier>
      <Extensions>h;hh;hpp;hxx;hm;inl;inc;xsd</Extensions>
    </Filter>
    <Filter Include="Resource Files">
      <UniqueIdentifier>{67DA6AB6-F800-4c08-8B7A-83BB121AAD01}</UniqueIdentifier>
      <Extensions>rc;ico;cur;bmp;dlg;rc2;rct;bin;rgs;gif;jpg;jpeg;jpe;resx;tiff;tif;png;wav;mfcribbon-ms</Extensions>
    </Filter>
  </ItemGroup>
  <ItemGroup>
    <ClCompile Include="ut_trie_00_main.cpp">
      <Filter>Source Files</Filter>
    </ClCompile>
    <ClCompile Include="ut_trie_01_concept.cpp">
      <Filter>Source Files</Filter>
    </ClCompile>
    <ClCompile Include="ut_trie_02_capacity.cpp">
      <Filter>Source Files</Filter>
    </ClCompile>
    <ClCompile Include="ut_trie_03_forward_iter.cpp">
      <Filter>Source Files</Filter>
    </ClCompile>
    <ClCompile Include="ut_trie_04_bidirectional_iter.cpp">
      <Filter>Source Files</Filter>
    </ClCompile>
    <ClCompile Include="ut_trie_05_reverse_iter.cpp">
      <Filter>Source Files</Filter>
    </ClCompile>
    <ClCompile Include="ut_trie_06_const_iter.cpp">
      <Filter>Source Files</Filter>
    </ClCompile>
    <ClCompile Include="ut_trie_07_erase_concept.cpp">
      <Filter>Source Files</Filter>
    </ClCompile>
    <ClCompile Include="ut_trie_08_insert.cpp">
      <Filter>Source Files</Filter>
    </ClCompile>
    <ClCompile Include="ut_trie_09_clear.cpp">
      <Filter>Source Files</Filter>
    </ClCompile>
    <ClCompile Include="ut_trie_10_insert_rvalue.cpp">
      <Filter>Source Files</Filter>
    </ClCompile>
    <ClCompile Include="ut_trie_11_insert_range.cpp">
      <Filter>Source Files</Filter>
    </ClCompile>
    <ClCompile Include="ut_trie_12_insert_initializer_list.cpp">
      <Filter>Source Files</Filter>
    </ClCompile>
    <ClCompile Include="ut_trie_13_find.cpp">
      <Filter>Source Files</Filter>
    </ClCompile>
    <ClCompile Include="ut_trie_14_erase_range.cpp">
      <Filter>Source Files</Filter>
    </ClCompile>
    <ClCompile Include="ut_trie_15_erase_mass.cpp">
      <Filter>Source Files</Filter>
    </ClCompile>
    <ClCompile Include="ut_trie_16_swap.cpp">
      <Filter>Source Files</Filter>
    </ClCompile>
    <ClCompile Include="ut_trie_17_ctor_copy.cpp">
      <Filter>Source Files</Filter>
    </ClCompile>
    <ClCompile Include="ut_trie_18_ctor_Rvalue.cpp">
      <Filter>Source Files</Filter>
    </ClCompile>
    <ClCompile Include="ut_trie_19_ctor_iterator.cpp">
      <Filter>Source Files</Filter>
    </ClCompile>
    <ClCompile Include="ut_trie_20_ctor_initializer.cpp">
      <Filter>Source Files</Filter>
    </ClCompile>
    <ClCompile Include="ut_trie_21_deep_copy_assignment.cpp">
      <Filter>Source Files</Filter>
    </ClCompile>
    <ClCompile Include="ut_trie_22_deep_move_assignment.cpp">
      <Filter>Source Files</Filter>
    </ClCompile>
    <ClCompile Include="ut_trie_23_initializer_assignment.cpp">
      <Filter>Source Files</Filter>
    </ClCompile>
    <ClCompile Include="ut_trie_24_relational.cpp">
      <Filter>Source Files</Filter>
    </ClCompile>
    <ClCompile Include="ut_trie_25_swap_function.cpp">
      <Filter>Source Files</Filter>
    </ClCompile>
    <ClCompile Include="ut_trie_26_count.cpp">
      <Filter>Source Files</Filter>
    </ClCompile>
    <ClCompile Include="ut_trie_27_front_back.cpp">
      <Filter>Source Files</Filter>
    </ClCompile>
  </ItemGroup>
  <ItemGroup>
    <ClInclude Include="ut_trie.hpp">
      <Filter>Header Files</Filter>
    </ClInclude>
    <ClInclude Include="..\dist\include\gats\trie.hpp">
      <Filter>Header Files</Filter>
    </ClInclude>
    <ClInclude Include="..\dist\include\gats\compiler.hpp">
      <Filter>Header Files</Filter>
    </ClInclude>
    <ClInclude Include="..\dist\include\gats\unit_test_phase_list.hpp">
      <Filter>Header Files</Filter>
    </ClInclude>
  </ItemGroup>
</Project>